
Microsoft Visual Studio Solution File, Format Version 12.00
# Visual Studio Version 17
VisualStudioVersion = 17.0.32126.317
MinimumVisualStudioVersion = 10.0.40219.1
Project("{FAE04EC0-301F-11D3-BF4B-00C04F79EFBC}") = "RoutingWithBikes", "RoutingWithBikesSelfHosted\RoutingWithBikes.csproj", "{8FABFB61-571A-4CEA-91B1-6A25E1AACAF2}"
EndProject
Global
	GlobalSection(SolutionConfigurationPlatforms) = preSolution
		Debug|Any CPU = Debug|Any CPU
		Release|Any CPU = Release|Any CPU
	EndGlobalSection
	GlobalSection(ProjectConfigurationPlatforms) = postSolution
		{8FABFB61-571A-4CEA-91B1-6A25E1AACAF2}.Debug|Any CPU.ActiveCfg = Debug|Any CPU
		{8FABFB61-571A-4CEA-91B1-6A25E1AACAF2}.Debug|Any CPU.Build.0 = Debug|Any CPU
		{8FABFB61-571A-4CEA-91B1-6A25E1AACAF2}.Release|Any CPU.ActiveCfg = Release|Any CPU
		{8FABFB61-571A-4CEA-91B1-6A25E1AACAF2}.Release|Any CPU.Build.0 = Release|Any CPU
	EndGlobalSection
	GlobalSection(SolutionProperties) = preSolution
		HideSolutionNode = FALSE
	EndGlobalSection
	GlobalSection(ExtensibilityGlobals) = postSolution
		SolutionGuid = {7769870A-5A08-434E-9259-2B11D9C1D7B6}
	EndGlobalSection
EndGlobal
